Microsoft Visual Studio Solution File, Format Version 12.00
# Visual Studio Version 17
VisualStudioVersion = 17.5.2.0
MinimumVisualStudioVersion = 10.0.40219.1
Project("{FAE04EC0-301F-11D3-BF4B-00C04F79EFBC}") = "dynamic-rules", "dynamic-rules.csproj", "{74BA9A57-ED99-303A-667C-AAA226866434}"
EndProject
Global
	GlobalSection(SolutionConfigurationPlatforms) = preSolution
		Debug|Any CPU = Debug|Any CPU
		Release|Any CPU = Release|Any CPU
	EndGlobalSection
	GlobalSection(ProjectConfigurationPlatforms) = postSolution
		{74BA9A57-ED99-303A-667C-AAA226866434}.Debug|Any CPU.ActiveCfg = Debug|Any CPU
		{74BA9A57-ED99-303A-667C-AAA226866434}.Debug|Any CPU.Build.0 = Debug|Any CPU
		{74BA9A57-ED99-303A-667C-AAA226866434}.Release|Any CPU.ActiveCfg = Release|Any CPU
		{74BA9A57-ED99-303A-667C-AAA226866434}.Release|Any CPU.Build.0 = Release|Any CPU
	EndGlobalSection
	GlobalSection(SolutionProperties) = preSolution
		HideSolutionNode = FALSE
	EndGlobalSection
	GlobalSection(ExtensibilityGlobals) = postSolution
		SolutionGuid = {4904F2CD-BA9C-4C92-89D3-E8ED19430B2F}
	EndGlobalSection
EndGlobal
